<?xml version="1.0" encoding="utf-8"?>
<Project ToolsVersion="4.0" xmlns="http://schemas.microsoft.com/developer/msbuild/2003">
  <ItemGroup>
    <Filter Include="Исходные файлы">
      <UniqueIdentifier>{4FC737F1-C7A5-4376-A066-2A32D752A2FF}</UniqueIdentifier>
      <Extensions>cpp;c;cc;cxx;c++;cppm;ixx;def;odl;idl;hpj;bat;asm;asmx</Extensions>
    </Filter>
    <Filter Include="Файлы заголовков">
      <UniqueIdentifier>{93995380-89BD-4b04-88EB-625FBE52EBFB}</UniqueIdentifier>
      <Extensions>h;hh;hpp;hxx;h++;hm;inl;inc;ipp;xsd</Extensions>
    </Filter>
    <Filter Include="Файлы ресурсов">
      <UniqueIdentifier>{67DA6AB6-F800-4c08-8B7A-83BB121AAD01}</UniqueIdentifier>
      <Extensions>rc;ico;cur;bmp;dlg;rc2;rct;bin;rgs;gif;jpg;jpeg;jpe;resx;tiff;tif;png;wav;mfcribbon-ms</Extensions>
    </Filter>
  </ItemGroup>
  <ItemGroup>
    <ClCompile Include="grafix.c">
      <Filter>Исходные файлы</Filter>
    </ClCompile>
    <ClCompile Include="pref.c">
      <Filter>Исходные файлы</Filter>
    </ClCompile>
    <ClCompile Include="rtns.c">
      <Filter>Исходные файлы</Filter>
    </ClCompile>
    <ClCompile Include="sound.c">
      <Filter>Исходные файлы</Filter>
    </ClCompile>
    <ClCompile Include="util.c">
      <Filter>Исходные файлы</Filter>
    </ClCompile>
    <ClCompile Include="winmine.c">
      <Filter>Исходные файлы</Filter>
    </ClCompile>
    <ClCompile Include="multiplayer.cpp">
      <Filter>Исходные файлы</Filter>
    </ClCompile>
  </ItemGroup>
  <ItemGroup>
    <ClInclude Include="context.h">
      <Filter>Файлы заголовков</Filter>
    </ClInclude>
    <ClInclude Include="grafix.h">
      <Filter>Файлы заголовков</Filter>
    </ClInclude>
    <ClInclude Include="main.h">
      <Filter>Файлы заголовков</Filter>
    </ClInclude>
    <ClInclude Include="pref.h">
      <Filter>Файлы заголовков</Filter>
    </ClInclude>
    <ClInclude Include="rtns.h">
      <Filter>Файлы заголовков</Filter>
    </ClInclude>
    <ClInclude Include="sound.h">
      <Filter>Файлы заголовков</Filter>
    </ClInclude>
    <ClInclude Include="util.h">
      <Filter>Файлы заголовков</Filter>
    </ClInclude>
    <ClInclude Include="multiplayer.h">
      <Filter>Файлы заголовков</Filter>
    </ClInclude>
    <ClInclude Include="resource.h">
      <Filter>Файлы заголовков</Filter>
    </ClInclude>
    <ClInclude Include="messages.h">
      <Filter>Исходные файлы</Filter>
    </ClInclude>
  </ItemGroup>
  <ItemGroup>
    <None Include="mine.def">
      <Filter>Исходные файлы</Filter>
    </None>
    <None Include="menu.inc">
      <Filter>Файлы заголовков</Filter>
    </None>
    <None Include="strings.inc">
      <Filter>Файлы заголовков</Filter>
    </None>
    <None Include="pref.dlg">
      <Filter>Файлы ресурсов</Filter>
    </None>
  </ItemGroup>
  <ItemGroup>
    <ResourceCompile Include="res.rc">
      <Filter>Файлы ресурсов</Filter>
    </ResourceCompile>
  </ItemGroup>
  <ItemGroup>
    <Image Include="bmp\winmine.ico">
      <Filter>Файлы ресурсов</Filter>
    </Image>
    <Image Include="bmp\blocks.bmp">
      <Filter>Файлы ресурсов</Filter>
    </Image>
    <Image Include="bmp\blocksbw.bmp">
      <Filter>Файлы ресурсов</Filter>
    </Image>
    <Image Include="bmp\led.bmp">
      <Filter>Файлы ресурсов</Filter>
    </Image>
    <Image Include="bmp\ledbw.bmp">
      <Filter>Файлы ресурсов</Filter>
    </Image>
    <Image Include="bmp\button.bmp">
      <Filter>Файлы ресурсов</Filter>
    </Image>
    <Image Include="bmp\buttonbw.bmp">
      <Filter>Файлы ресурсов</Filter>
    </Image>
  </ItemGroup>
  <ItemGroup>
    <Media Include="bmp\tick.wav">
      <Filter>Файлы ресурсов</Filter>
    </Media>
    <Media Include="bmp\win.wav">
      <Filter>Файлы ресурсов</Filter>
    </Media>
    <Media Include="bmp\explode.wav">
      <Filter>Файлы ресурсов</Filter>
    </Media>
  </ItemGroup>
</Project>